<?xml version="1.0" encoding="utf-8"?>
<Project ToolsVersion="4.0" xmlns="http://schemas.microsoft.com/developer/msbuild/2003">
  <ItemGroup>
    <Filter Include="Source Files">
      <UniqueIdentifier>{4FC737F1-C7A5-4376-A066-2A32D752A2FF}</UniqueIdentifier>
      <Extensions>cpp;c;cc;cxx;c++;cppm;ixx;def;odl;idl;hpj;bat;asm;asmx</Extensions>
    </Filter>
    <Filter Include="Header Files">
      <UniqueIdentifier>{93995380-89BD-4b04-88EB-625FBE52EBFB}</UniqueIdentifier>
      <Extensions>h;hh;hpp;hxx;h++;hm;inl;inc;ipp;xsd</Extensions>
    </Filter>
    <Filter Include="Resource Files">
      <UniqueIdentifier>{67DA6AB6-F800-4c08-8B7A-83BB121AAD01}</UniqueIdentifier>
      <Extensions>rc;ico;cur;bmp;dlg;rc2;rct;bin;rgs;gif;jpg;jpeg;jpe;resx;tiff;tif;png;wav;mfcribbon-ms</Extensions>
    </Filter>
  </ItemGroup>
  <ItemGroup>
    <ClCompile Include="source\entry\entry.cpp">
      <Filter>Source Files</Filter>
    </ClCompile>
    <ClCompile Include="source\fiber\Fiber.cpp">
      <Filter>Source Files</Filter>
    </ClCompile>
    <ClCompile Include="source\fiber\Manager.cpp">
      <Filter>Source Files</Filter>
    </ClCompile>
    <ClCompile Include="source\fiber\Queue.cpp">
      <Filter>Source Files</Filter>
    </ClCompile>
    <ClCompile Include="source\util\util.cpp">
      <Filter>Source Files</Filter>
    </ClCompile>
    <ClCompile Include="source\cheat\main.cpp">
      <Filter>Source Files</Filter>
    </ClCompile>
    <ClCompile Include="source\util\logger\logger.cpp">
      <Filter>Source Files</Filter>
    </ClCompile>
    <ClCompile Include="source\cheat\renderer\ImageLoader\ImageLoader.cpp">
      <Filter>Source Files</Filter>
    </ClCompile>
    <ClCompile Include="source\cheat\hooking\hooking.cpp">
      <Filter>Source Files</Filter>
    </ClCompile>
    <ClCompile Include="source\imgui\imgui.cpp">
      <Filter>Source Files</Filter>
    </ClCompile>
    <ClCompile Include="source\imgui\imgui_draw.cpp">
      <Filter>Source Files</Filter>
    </ClCompile>
    <ClCompile Include="source\imgui\imgui_impl_dx11.cpp">
      <Filter>Source Files</Filter>
    </ClCompile>
    <ClCompile Include="source\imgui\imgui_impl_win32.cpp">
      <Filter>Source Files</Filter>
    </ClCompile>
    <ClCompile Include="source\imgui\imgui_tables.cpp">
      <Filter>Source Files</Filter>
    </ClCompile>
    <ClCompile Include="source\imgui\imgui_widgets.cpp">
      <Filter>Source Files</Filter>
    </ClCompile>
    <ClCompile Include="source\kiero\minhook\src\hde\hde32.c">
      <Filter>Source Files</Filter>
    </ClCompile>
    <ClCompile Include="source\kiero\minhook\src\hde\hde64.c">
      <Filter>Source Files</Filter>
    </ClCompile>
    <ClCompile Include="source\kiero\minhook\src\buffer.c">
      <Filter>Source Files</Filter>
    </ClCompile>
    <ClCompile Include="source\kiero\minhook\src\hook.c">
      <Filter>Source Files</Filter>
    </ClCompile>
    <ClCompile Include="source\kiero\minhook\src\trampoline.c">
      <Filter>Source Files</Filter>
    </ClCompile>
    <ClCompile Include="source\kiero\kiero.cpp">
      <Filter>Source Files</Filter>
    </ClCompile>
    <ClCompile Include="source\cheat\renderer\renderer.cpp">
      <Filter>Source Files</Filter>
    </ClCompile>
    <ClCompile Include="source\cheat\hooking\hooks\Present.cpp">
      <Filter>Source Files</Filter>
    </ClCompile>
    <ClCompile Include="source\cheat\renderer\ThemeLoader\ThemeLoader.cpp">
      <Filter>Source Files</Filter>
    </ClCompile>
    <ClCompile Include="source\cheat\renderer\Menu\DrawMenu.cpp">
      <Filter>Source Files</Filter>
    </ClCompile>
    <ClCompile Include="source\cheat\renderer\Menu\Submenu\Submenu.cpp">
      <Filter>Source Files</Filter>
    </ClCompile>
    <ClCompile Include="source\cheat\Features\Submenus\Settings\Texture\Menu\MenuTextures.cpp">
      <Filter>Source Files</Filter>
    </ClCompile>
    <ClCompile Include="source\cheat\Features\Submenus\Settings\Texture\Theme\Theme.cpp">
      <Filter>Source Files</Filter>
    </ClCompile>
    <ClCompile Include="source\cheat\Features\Submenus\Settings\Settings.cpp">
      <Filter>Source Files</Filter>
    </ClCompile>
    <ClCompile Include="source\cheat\renderer\Menu\Fonts\font_awesome_data.cpp">
      <Filter>Source Files</Filter>
    </ClCompile>
    <ClCompile Include="source\util\Il2cpp_Resolver\Functions\Callback.cpp">
      <Filter>Source Files</Filter>
    </ClCompile>
    <ClCompile Include="source\util\Il2cpp_Resolver\Functions\Class.cpp">
      <Filter>Source Files</Filter>
    </ClCompile>
    <ClCompile Include="source\util\Il2cpp_Resolver\Functions\String.cpp">
      <Filter>Source Files</Filter>
    </ClCompile>
    <ClCompile Include="source\util\Il2cpp_Resolver\Functions\Thread.cpp">
      <Filter>Source Files</Filter>
    </ClCompile>
    <ClCompile Include="source\util\Il2cpp_Resolver\Unity\API\_TEMPLATE_API.cpp">
      <Filter>Source Files</Filter>
    </ClCompile>
    <ClCompile Include="source\util\Il2cpp_Resolver\Unity\API\Camera.cpp">
      <Filter>Source Files</Filter>
    </ClCompile>
    <ClCompile Include="source\util\Il2cpp_Resolver\Unity\API\Component.cpp">
      <Filter>Source Files</Filter>
    </ClCompile>
    <ClCompile Include="source\util\Il2cpp_Resolver\Unity\API\GameObject.cpp">
      <Filter>Source Files</Filter>
    </ClCompile>
    <ClCompile Include="source\util\Il2cpp_Resolver\Unity\API\LayerMask.cpp">
      <Filter>Source Files</Filter>
    </ClCompile>
    <ClCompile Include="source\util\Il2cpp_Resolver\Unity\API\Object.cpp">
      <Filter>Source Files</Filter>
    </ClCompile>
    <ClCompile Include="source\util\Il2cpp_Resolver\Unity\API\Rigidbody.cpp">
      <Filter>Source Files</Filter>
    </ClCompile>
    <ClCompile Include="source\util\Il2cpp_Resolver\Unity\API\Transform.cpp">
      <Filter>Source Files</Filter>
    </ClCompile>
    <ClCompile Include="source\util\Il2cpp_Resolver\Unity\Obfuscators.cpp">
      <Filter>Source Files</Filter>
    </ClCompile>
    <ClCompile Include="source\util\Il2cpp_Resolver\Utils\Helper.cpp">
      <Filter>Source Files</Filter>
    </ClCompile>
    <ClCompile Include="source\util\Il2cpp_Resolver\Cache.cpp">
      <Filter>Source Files</Filter>
    </ClCompile>
    <ClCompile Include="source\util\Il2cpp_Resolver\Data.cpp">
      <Filter>Source Files</Filter>
    </ClCompile>
    <ClCompile Include="source\util\Il2cpp_Resolver\il2cpp_resolver.cpp">
      <Filter>Source Files</Filter>
    </ClCompile>
    <ClCompile Include="source\cheat\hooking\hooks\AddRecoil.cpp">
      <Filter>Source Files</Filter>
    </ClCompile>
    <ClCompile Include="source\cheat\renderer\ESP\EspRenderer.cpp">
      <Filter>Source Files</Filter>
    </ClCompile>
    <ClCompile Include="source\util\Vector.cpp">
      <Filter>Source Files</Filter>
    </ClCompile>
    <ClCompile Include="source\cheat\Features\Submenus\ESP\ESP.cpp">
      <Filter>Source Files</Filter>
    </ClCompile>
    <ClCompile Include="source\cheat\renderer\Menu\Submenu\Types\Player.cpp">
      <Filter>Source Files</Filter>
    </ClCompile>
    <ClCompile Include="source\cheat\Features\Submenus\SelectedPlayer\SelectedPlayer.cpp">
      <Filter>Source Files</Filter>
    </ClCompile>
    <ClCompile Include="source\cheat\discord\discord.cpp">
      <Filter>Source Files</Filter>
    </ClCompile>
    <ClCompile Include="source\cheat\renderer\notification\notification.cpp">
      <Filter>Source Files</Filter>
    </ClCompile>
    <ClCompile Include="source\cheat\renderer\ImageLoader\DDS\DDSTextures.cpp">
      <Filter>Source Files</Filter>
    </ClCompile>
    <ClCompile Include="source\cheat\renderer\Menu\ClickInterface\RenderOptions\Button\Button.cpp">
      <Filter>Source Files</Filter>
    </ClCompile>
    <ClCompile Include="source\cheat\renderer\Menu\ClickInterface\RenderOptions\Checkbox\Element\Toggle.cpp">
      <Filter>Source Files</Filter>
    </ClCompile>
    <ClCompile Include="source\cheat\renderer\Menu\ClickInterface\RenderOptions\Checkbox\Checkbox.cpp">
      <Filter>Source Files</Filter>
    </ClCompile>
    <ClCompile Include="source\cheat\renderer\Menu\ClickInterface\RenderOptions\ProgressBar\Progress.cpp">
      <Filter>Source Files</Filter>
    </ClCompile>
    <ClCompile Include="source\cheat\renderer\Menu\ClickInterface\Render.cpp">
      <Filter>Source Files</Filter>
    </ClCompile>
    <ClCompile Include="source\cheat\renderer\InterfaceRewrite\Interface.cpp">
      <Filter>Source Files</Filter>
    </ClCompile>
    <ClCompile Include="source\cheat\renderer\InterfaceRewrite\Types\option.cpp">
      <Filter>Source Files</Filter>
    </ClCompile>
    <ClCompile Include="source\cheat\renderer\InterfaceRewrite\Types\IconOption\IconOption.cpp">
      <Filter>Source Files</Filter>
    </ClCompile>
  </ItemGroup>
  <ItemGroup>
    <ClInclude Include="source\pch\pch.h">
      <Filter>Header Files</Filter>
    </ClInclude>
    <ClInclude Include="source\pch\framework.h">
      <Filter>Header Files</Filter>
    </ClInclude>
    <ClInclude Include="source\fiber\Fiber.h">
      <Filter>Header Files</Filter>
    </ClInclude>
    <ClInclude Include="source\fiber\Manager.h">
      <Filter>Header Files</Filter>
    </ClInclude>
    <ClInclude Include="source\fiber\Queue.h">
      <Filter>Header Files</Filter>
    </ClInclude>
    <ClInclude Include="source\util\util.h">
      <Filter>Header Files</Filter>
    </ClInclude>
    <ClInclude Include="source\cheat\main.h">
      <Filter>Header Files</Filter>
    </ClInclude>
    <ClInclude Include="source\util\logger\logger.hpp">
      <Filter>Header Files</Filter>
    </ClInclude>
    <ClInclude Include="source\cheat\renderer\ImageLoader\ImageLoader.h">
      <Filter>Header Files</Filter>
    </ClInclude>
    <ClInclude Include="source\cheat\hooking\hooking.h">
      <Filter>Header Files</Filter>
    </ClInclude>
    <ClInclude Include="source\cheat\hooking\methods\detour.h">
      <Filter>Header Files</Filter>
    </ClInclude>
    <ClInclude Include="source\imgui\imconfig.h">
      <Filter>Header Files</Filter>
    </ClInclude>
    <ClInclude Include="source\imgui\imgui.h">
      <Filter>Header Files</Filter>
    </ClInclude>
    <ClInclude Include="source\imgui\imgui_impl_dx11.h">
      <Filter>Header Files</Filter>
    </ClInclude>
    <ClInclude Include="source\imgui\imgui_impl_win32.h">
      <Filter>Header Files</Filter>
    </ClInclude>
    <ClInclude Include="source\imgui\imgui_internal.h">
      <Filter>Header Files</Filter>
    </ClInclude>
    <ClInclude Include="source\imgui\imstb_rectpack.h">
      <Filter>Header Files</Filter>
    </ClInclude>
    <ClInclude Include="source\imgui\imstb_textedit.h">
      <Filter>Header Files</Filter>
    </ClInclude>
    <ClInclude Include="source\imgui\imstb_truetype.h">
      <Filter>Header Files</Filter>
    </ClInclude>
    <ClInclude Include="source\kiero\minhook\include\MinHook.h">
      <Filter>Header Files</Filter>
    </ClInclude>
    <ClInclude Include="source\kiero\minhook\src\hde\hde32.h">
      <Filter>Header Files</Filter>
    </ClInclude>
    <ClInclude Include="source\kiero\minhook\src\hde\hde64.h">
      <Filter>Header Files</Filter>
    </ClInclude>
    <ClInclude Include="source\kiero\minhook\src\hde\pstdint.h">
      <Filter>Header Files</Filter>
    </ClInclude>
    <ClInclude Include="source\kiero\minhook\src\hde\table32.h">
      <Filter>Header Files</Filter>
    </ClInclude>
    <ClInclude Include="source\kiero\minhook\src\hde\table64.h">
      <Filter>Header Files</Filter>
    </ClInclude>
    <ClInclude Include="source\kiero\minhook\src\buffer.h">
      <Filter>Header Files</Filter>
    </ClInclude>
    <ClInclude Include="source\kiero\minhook\src\trampoline.h">
      <Filter>Header Files</Filter>
    </ClInclude>
    <ClInclude Include="source\kiero\kiero.h">
      <Filter>Header Files</Filter>
    </ClInclude>
    <ClInclude Include="source\cheat\renderer\renderer.hpp">
      <Filter>Header Files</Filter>
    </ClInclude>
    <ClInclude Include="source\cheat\renderer\ThemeLoader\ThemeLoader.h">
      <Filter>Header Files</Filter>
    </ClInclude>
    <ClInclude Include="source\cheat\renderer\Menu\Fonts\Header.hpp">
      <Filter>Header Files</Filter>
    </ClInclude>
    <ClInclude Include="source\cheat\renderer\Menu\Fonts\Icons.hpp">
      <Filter>Header Files</Filter>
    </ClInclude>
    <ClInclude Include="source\cheat\renderer\Menu\Fonts\Primary.hpp">
      <Filter>Header Files</Filter>
    </ClInclude>
    <ClInclude Include="source\cheat\renderer\Menu\Menu.hpp">
      <Filter>Header Files</Filter>
    </ClInclude>
    <ClInclude Include="source\cheat\renderer\Menu\Items.hpp">
      <Filter>Header Files</Filter>
    </ClInclude>
    <ClInclude Include="source\cheat\renderer\Menu\TextMultiColor.hpp">
      <Filter>Header Files</Filter>
    </ClInclude>
    <ClInclude Include="source\common\common.h">
      <Filter>Header Files</Filter>
    </ClInclude>
    <ClInclude Include="source\cheat\renderer\Menu\Submenu\Submenu.h">
      <Filter>Header Files</Filter>
    </ClInclude>
    <ClInclude Include="source\cheat\renderer\Menu\Fonts\font_awesome.h">
      <Filter>Header Files</Filter>
    </ClInclude>
    <ClInclude Include="source\util\Il2cpp_Resolver\Functions\Callback.hpp">
      <Filter>Header Files</Filter>
    </ClInclude>
    <ClInclude Include="source\util\Il2cpp_Resolver\Functions\Class.hpp">
      <Filter>Header Files</Filter>
    </ClInclude>
    <ClInclude Include="source\util\Il2cpp_Resolver\Functions\Domain.hpp">
      <Filter>Header Files</Filter>
    </ClInclude>
    <ClInclude Include="source\util\Il2cpp_Resolver\Functions\ResolveCall.hpp">
      <Filter>Header Files</Filter>
    </ClInclude>
    <ClInclude Include="source\util\Il2cpp_Resolver\Functions\String.hpp">
      <Filter>Header Files</Filter>
    </ClInclude>
    <ClInclude Include="source\util\Il2cpp_Resolver\Functions\Thread.hpp">
      <Filter>Header Files</Filter>
    </ClInclude>
    <ClInclude Include="source\util\Il2cpp_Resolver\Unity\API\_TEMPLATE_API.hpp">
      <Filter>Header Files</Filter>
    </ClInclude>
    <ClInclude Include="source\util\Il2cpp_Resolver\Unity\API\Camera.hpp">
      <Filter>Header Files</Filter>
    </ClInclude>
    <ClInclude Include="source\util\Il2cpp_Resolver\Unity\API\Component.hpp">
      <Filter>Header Files</Filter>
    </ClInclude>
    <ClInclude Include="source\util\Il2cpp_Resolver\Unity\API\GameObject.hpp">
      <Filter>Header Files</Filter>
    </ClInclude>
    <ClInclude Include="source\util\Il2cpp_Resolver\Unity\API\LayerMask.hpp">
      <Filter>Header Files</Filter>
    </ClInclude>
    <ClInclude Include="source\util\Il2cpp_Resolver\Unity\API\Object.hpp">
      <Filter>Header Files</Filter>
    </ClInclude>
    <ClInclude Include="source\util\Il2cpp_Resolver\Unity\API\Rigidbody.hpp">
      <Filter>Header Files</Filter>
    </ClInclude>
    <ClInclude Include="source\util\Il2cpp_Resolver\Unity\API\Transform.hpp">
      <Filter>Header Files</Filter>
    </ClInclude>
    <ClInclude Include="source\util\Il2cpp_Resolver\Unity\Structures\Engine.hpp">
      <Filter>Header Files</Filter>
    </ClInclude>
    <ClInclude Include="source\util\Il2cpp_Resolver\Unity\Structures\il2cpp.hpp">
      <Filter>Header Files</Filter>
    </ClInclude>
    <ClInclude Include="source\util\Il2cpp_Resolver\Unity\Structures\il2cppArray.hpp">
      <Filter>Header Files</Filter>
    </ClInclude>
    <ClInclude Include="source\util\Il2cpp_Resolver\Unity\Structures\il2cppDictionary.hpp">
      <Filter>Header Files</Filter>
    </ClInclude>
    <ClInclude Include="source\util\Il2cpp_Resolver\Unity\Structures\Includes.hpp">
      <Filter>Header Files</Filter>
    </ClInclude>
    <ClInclude Include="source\util\Il2cpp_Resolver\Unity\Structures\System_String.hpp">
      <Filter>Header Files</Filter>
    </ClInclude>
    <ClInclude Include="source\util\Il2cpp_Resolver\Unity\Defines.hpp">
      <Filter>Header Files</Filter>
    </ClInclude>
    <ClInclude Include="source\util\Il2cpp_Resolver\Unity\Includes.hpp">
      <Filter>Header Files</Filter>
    </ClInclude>
    <ClInclude Include="source\util\Il2cpp_Resolver\Unity\Obfuscators.hpp">
      <Filter>Header Files</Filter>
    </ClInclude>
    <ClInclude Include="source\util\Il2cpp_Resolver\Utils\Helper.hpp">
      <Filter>Header Files</Filter>
    </ClInclude>
    <ClInclude Include="source\util\Il2cpp_Resolver\Utils\Joaat.hpp">
      <Filter>Header Files</Filter>
    </ClInclude>
    <ClInclude Include="source\util\Il2cpp_Resolver\Utils\VFunc.hpp">
      <Filter>Header Files</Filter>
    </ClInclude>
    <ClInclude Include="source\util\Il2cpp_Resolver\Cache.hpp">
      <Filter>Header Files</Filter>
    </ClInclude>
    <ClInclude Include="source\util\Il2cpp_Resolver\Data.hpp">
      <Filter>Header Files</Filter>
    </ClInclude>
    <ClInclude Include="source\util\Il2cpp_Resolver\Defines.hpp">
      <Filter>Header Files</Filter>
    </ClInclude>
    <ClInclude Include="source\util\Il2cpp_Resolver\il2cpp_resolver.hpp">
      <Filter>Header Files</Filter>
    </ClInclude>
    <ClInclude Include="source\util\Il2cpp_Resolver\Includes.hpp">
      <Filter>Header Files</Filter>
    </ClInclude>
    <ClInclude Include="source\util\Il2cpp_Resolver\lazyimporter.h">
      <Filter>Header Files</Filter>
    </ClInclude>
    <ClInclude Include="source\util\Vector.hpp">
      <Filter>Header Files</Filter>
    </ClInclude>
    <ClInclude Include="source\cheat\Features\features.h">
      <Filter>Header Files</Filter>
    </ClInclude>
    <ClInclude Include="source\util\enums.h">
      <Filter>Header Files</Filter>
    </ClInclude>
    <ClInclude Include="source\cheat\renderer\Menu\Submenu\Types\Player.h">
      <Filter>Header Files</Filter>
    </ClInclude>
    <ClInclude Include="source\cheat\discord\discord.h">
      <Filter>Header Files</Filter>
    </ClInclude>
    <ClInclude Include="source\cheat\renderer\notification\notification.h">
      <Filter>Header Files</Filter>
    </ClInclude>
    <ClInclude Include="source\cheat\renderer\ImageLoader\DDS\DDSTextures.h">
      <Filter>Header Files</Filter>
    </ClInclude>
    <ClInclude Include="source\cheat\renderer\Menu\ClickInterface\RenderOptions\Button\Button.h">
      <Filter>Header Files</Filter>
    </ClInclude>
    <ClInclude Include="source\cheat\renderer\Menu\ClickInterface\RenderOptions\Checkbox\Element\Toggle.h">
      <Filter>Header Files</Filter>
    </ClInclude>
    <ClInclude Include="source\cheat\renderer\Menu\ClickInterface\RenderOptions\Checkbox\CheckBox.h">
      <Filter>Header Files</Filter>
    </ClInclude>
    <ClInclude Include="source\cheat\renderer\Menu\ClickInterface\RenderOptions\ProgressBar\Progress.h">
      <Filter>Header Files</Filter>
    </ClInclude>
    <ClInclude Include="source\cheat\renderer\InterfaceRewrite\Interface.hpp">
      <Filter>Header Files</Filter>
    </ClInclude>
    <ClInclude Include="source\cheat\renderer\InterfaceRewrite\Types\option.hpp">
      <Filter>Header Files</Filter>
    </ClInclude>
    <ClInclude Include="source\cheat\renderer\InterfaceRewrite\Types\IconOption\IconOption.hpp">
      <Filter>Header Files</Filter>
    </ClInclude>
  </ItemGroup>
  <ItemGroup>
    <None Include="source\kiero\minhook\dll_resources\MinHook.def">
      <Filter>Source Files</Filter>
    </None>
  </ItemGroup>
  <ItemGroup>
    <ResourceCompile Include="source\kiero\minhook\dll_resources\MinHook.rc">
      <Filter>Resource Files</Filter>
    </ResourceCompile>
  </ItemGroup>
</Project>